
Microsoft Visual Studio Solution File, Format Version 12.00
# Visual Studio Version 16
VisualStudioVersion = 25.0.1706.14
MinimumVisualStudioVersion = 10.0.40219.1
Project("{FAE04EC0-301F-11D3-BF4B-00C04F79EFBC}") = "LerDados", "LerDados.csproj", "{42DE862B-05D9-476A-8B34-D43354E6273E}"
EndProject
Global
	GlobalSection(SolutionConfigurationPlatforms) = preSolution
		Debug|Any CPU = Debug|Any CPU
		Release|Any CPU = Release|Any CPU
	EndGlobalSection
	GlobalSection(ProjectConfigurationPlatforms) = postSolution
		{42DE862B-05D9-476A-8B34-D43354E6273E}.Debug|Any CPU.ActiveCfg = Debug|Any CPU
		{42DE862B-05D9-476A-8B34-D43354E6273E}.Debug|Any CPU.Build.0 = Debug|Any CPU
		{42DE862B-05D9-476A-8B34-D43354E6273E}.Release|Any CPU.ActiveCfg = Release|Any CPU
		{42DE862B-05D9-476A-8B34-D43354E6273E}.Release|Any CPU.Build.0 = Release|Any CPU
	EndGlobalSection
	GlobalSection(SolutionProperties) = preSolution
		HideSolutionNode = FALSE
	EndGlobalSection
	GlobalSection(ExtensibilityGlobals) = postSolution
		SolutionGuid = {53A7CDDC-50CC-4421-80E6-3D4A364C827E}
	EndGlobalSection
EndGlobal
