
Microsoft Visual Studio Solution File, Format Version 12.00
# Visual Studio Version 16
VisualStudioVersion = 25.0.1706.14
MinimumVisualStudioVersion = 10.0.40219.1
Project("{FAE04EC0-301F-11D3-BF4B-00C04F79EFBC}") = "NotasAlunos", "NotasAlunos.csproj", "{ABE818A8-2DC5-4177-8686-0BA550294CB7}"
EndProject
Global
	GlobalSection(SolutionConfigurationPlatforms) = preSolution
		Debug|Any CPU = Debug|Any CPU
		Release|Any CPU = Release|Any CPU
	EndGlobalSection
	GlobalSection(ProjectConfigurationPlatforms) = postSolution
		{ABE818A8-2DC5-4177-8686-0BA550294CB7}.Debug|Any CPU.ActiveCfg = Debug|Any CPU
		{ABE818A8-2DC5-4177-8686-0BA550294CB7}.Debug|Any CPU.Build.0 = Debug|Any CPU
		{ABE818A8-2DC5-4177-8686-0BA550294CB7}.Release|Any CPU.ActiveCfg = Release|Any CPU
		{ABE818A8-2DC5-4177-8686-0BA550294CB7}.Release|Any CPU.Build.0 = Release|Any CPU
	EndGlobalSection
	GlobalSection(SolutionProperties) = preSolution
		HideSolutionNode = FALSE
	EndGlobalSection
	GlobalSection(ExtensibilityGlobals) = postSolution
		SolutionGuid = {D914D1F1-55F1-401E-AF29-F5D6369CE338}
	EndGlobalSection
EndGlobal
