
Microsoft Visual Studio Solution File, Format Version 12.00
# Visual Studio Version 16
VisualStudioVersion = 25.0.1706.14
MinimumVisualStudioVersion = 10.0.40219.1
Project("{FAE04EC0-301F-11D3-BF4B-00C04F79EFBC}") = "ExercList", "ExercList.csproj", "{6C33ECD4-777B-4B2F-B48F-5EAAC44968F3}"
EndProject
Global
	GlobalSection(SolutionConfigurationPlatforms) = preSolution
		Debug|Any CPU = Debug|Any CPU
		Release|Any CPU = Release|Any CPU
	EndGlobalSection
	GlobalSection(ProjectConfigurationPlatforms) = postSolution
		{6C33ECD4-777B-4B2F-B48F-5EAAC44968F3}.Debug|Any CPU.ActiveCfg = Debug|Any CPU
		{6C33ECD4-777B-4B2F-B48F-5EAAC44968F3}.Debug|Any CPU.Build.0 = Debug|Any CPU
		{6C33ECD4-777B-4B2F-B48F-5EAAC44968F3}.Release|Any CPU.ActiveCfg = Release|Any CPU
		{6C33ECD4-777B-4B2F-B48F-5EAAC44968F3}.Release|Any CPU.Build.0 = Release|Any CPU
	EndGlobalSection
	GlobalSection(SolutionProperties) = preSolution
		HideSolutionNode = FALSE
	EndGlobalSection
	GlobalSection(ExtensibilityGlobals) = postSolution
		SolutionGuid = {1D6DF169-F799-4881-92D1-514305CA47B7}
	EndGlobalSection
EndGlobal
